
Microsoft Visual Studio Solution File, Format Version 12.00
# Visual Studio Version 16
VisualStudioVersion = 16.0.30011.22
MinimumVisualStudioVersion = 10.0.40219.1
Project("{8BC9CEB8-8B4A-11D0-8D11-00A0C91BC942}") = "cemu-patcher", "cemu-patcher.vcxproj", "{BE07ED7D-B1BE-453C-A1EA-0F1828CF605D}"
EndProject
Global
	GlobalSection(SolutionConfigurationPlatforms) = preSolution
		Debug|x64 = Debug|x64
		Debug|x86 = Debug|x86
		Release|x64 = Release|x64
		Release|x86 = Release|x86
	EndGlobalSection
	GlobalSection(ProjectConfigurationPlatforms) = postSolution
		{BE07ED7D-B1BE-453C-A1EA-0F1828CF605D}.Debug|x64.ActiveCfg = Debug|x64
		{BE07ED7D-B1BE-453C-A1EA-0F1828CF605D}.Debug|x64.Build.0 = Debug|x64
		{BE07ED7D-B1BE-453C-A1EA-0F1828CF605D}.Debug|x86.ActiveCfg = Debug|Win32
		{BE07ED7D-B1BE-453C-A1EA-0F1828CF605D}.Debug|x86.Build.0 = Debug|Win32
		{BE07ED7D-B1BE-453C-A1EA-0F1828CF605D}.Release|x64.ActiveCfg = Release|x64
		{BE07ED7D-B1BE-453C-A1EA-0F1828CF605D}.Release|x64.Build.0 = Release|x64
		{BE07ED7D-B1BE-453C-A1EA-0F1828CF605D}.Release|x86.ActiveCfg = Release|Win32
		{BE07ED7D-B1BE-453C-A1EA-0F1828CF605D}.Release|x86.Build.0 = Release|Win32
	EndGlobalSection
	GlobalSection(SolutionProperties) = preSolution
		HideSolutionNode = FALSE
	EndGlobalSection
	GlobalSection(ExtensibilityGlobals) = postSolution
		SolutionGuid = {0ADF4D65-BD9D-40DC-85C3-92FAF90F719B}
	EndGlobalSection
EndGlobal
